{
    "name": "DevGrill card",
    "version": "1.0.0",
    "lockfileVersion": 2,
    "requires": true,
    "packages": {
        "": {
            "name": "DevGrill card",
            "version": "1.0.0",
            "bin": {
                "DevGrill card": "index.js"
            }
        }
    }
}
